
Microsoft Visual Studio Solution File, Format Version 12.00
# Visual Studio Version 17
VisualStudioVersion = 17.3.32901.215
MinimumVisualStudioVersion = 10.0.40219.1
Project("{F184B08F-C81C-45F6-A57F-5ABD9991F28F}") = "Challenge 3.2", "Challenge 3.2\Challenge 3.2.vbproj", "{AA71F24C-DCCF-47FC-9743-65430A5090FF}"
EndProject
Global
	GlobalSection(SolutionConfigurationPlatforms) = preSolution
		Debug|Any CPU = Debug|Any CPU
		Release|Any CPU = Release|Any CPU
	EndGlobalSection
	GlobalSection(ProjectConfigurationPlatforms) = postSolution
		{AA71F24C-DCCF-47FC-9743-65430A5090FF}.Debug|Any CPU.ActiveCfg = Debug|Any CPU
		{AA71F24C-DCCF-47FC-9743-65430A5090FF}.Debug|Any CPU.Build.0 = Debug|Any CPU
		{AA71F24C-DCCF-47FC-9743-65430A5090FF}.Release|Any CPU.ActiveCfg = Release|Any CPU
		{AA71F24C-DCCF-47FC-9743-65430A5090FF}.Release|Any CPU.Build.0 = Release|Any CPU
	EndGlobalSection
	GlobalSection(SolutionProperties) = preSolution
		HideSolutionNode = FALSE
	EndGlobalSection
	GlobalSection(ExtensibilityGlobals) = postSolution
		SolutionGuid = {C475572C-9E30-4206-B886-567C3B0E8A25}
	EndGlobalSection
EndGlobal
